// !$*UTF8*$!
{
	archiveVersion = 1;
	classes = {
	};
	objectVersion = 56;
	objects = {

/* Begin PBXBuildFile section */
		9A7726512CA4EB2E005A58B7 /* ContentView.swift in Sources */ = {isa = PBXBuildFile; fileRef = 9A7726502CA4EB2E005A58B7 /* ContentView.swift */; };
		9A7726532CA4EB34005A58B7 /* Assets.xcassets in Resources */ = {isa = PBXBuildFile; fileRef = 9A7726522CA4EB34005A58B7 /* Assets.xcassets */; };
		9A7726572CA4EB34005A58B7 /* Preview Assets.xcassets in Resources */ = {isa = PBXBuildFile; fileRef = 9A7726562CA4EB34005A58B7 /* Preview Assets.xcassets */; };
		9A7726612CA4EB34005A58B7 /* funny_face_filterTests.swift in Sources */ = {isa = PBXBuildFile; fileRef = 9A7726602CA4EB34005A58B7 /* funny_face_filterTests.swift */; };
		9A77266B2CA4EB34005A58B7 /* funny_face_filterUITests.swift in Sources */ = {isa = PBXBuildFile; fileRef = 9A77266A2CA4EB34005A58B7 /* funny_face_filterUITests.swift */; };
		9A77266D2CA4EB34005A58B7 /* funny_face_filterUITestsLaunchTests.swift in Sources */ = {isa = PBXBuildFile; fileRef = 9A77266C2CA4EB34005A58B7 /* funny_face_filterUITestsLaunchTests.swift */; };
		9AF36A542CA5928C007F4EB8 /* AppMain.swift in Sources */ = {isa = PBXBuildFile; fileRef = 9AF36A532CA5928C007F4EB8 /* AppMain.swift */; };
		9AF36A562CA5932B007F4EB8 /* PhotoPickerViewModel.swift in Sources */ = {isa = PBXBuildFile; fileRef = 9AF36A552CA5932B007F4EB8 /* PhotoPickerViewModel.swift */; };
		9AF36A582CA594F4007F4EB8 /* ImageViewModel.swift in Sources */ = {isa = PBXBuildFile; fileRef = 9AF36A572CA594F4007F4EB8 /* ImageViewModel.swift */; };
/* End PBXBuildFile section */

/* Begin PBXContainerItemProxy section */
		9A77265D2CA4EB34005A58B7 /* PBXContainerItemProxy */ = {
			isa = PBXContainerItemProxy;
			containerPortal = 9A7726432CA4EB2E005A58B7 /* Project object */;
			proxyType = 1;
			remoteGlobalIDString = 9A77264A2CA4EB2E005A58B7;
			remoteInfo = "funny-face-filter";
		};
		9A7726672CA4EB34005A58B7 /* PBXContainerItemProxy */ = {
			isa = PBXContainerItemProxy;
			containerPortal = 9A7726432CA4EB2E005A58B7 /* Project object */;
			proxyType = 1;
			remoteGlobalIDString = 9A77264A2CA4EB2E005A58B7;
			remoteInfo = "funny-face-filter";
		};
/* End PBXContainerItemProxy section */

/* Begin PBXFileReference section */
		9A77264B2CA4EB2E005A58B7 /* funny-face-filter.app */ = {isa = PBXFileReference; explicitFileType = wrapper.application; includeInIndex = 0; path = "funny-face-filter.app"; sourceTree = BUILT_PRODUCTS_DIR; };
		9A7726502CA4EB2E005A58B7 /* ContentView.swift */ = {isa = PBXFileReference; lastKnownFileType = sourcecode.swift; path = ContentView.swift; sourceTree = "<group>"; };
		9A7726522CA4EB34005A58B7 /* Assets.xcassets */ = {isa = PBXFileReference; lastKnownFileType = folder.assetcatalog; path = Assets.xcassets; sourceTree = "<group>"; };
		9A7726542CA4EB34005A58B7 /* funny_face_filter.entitlements */ = {isa = PBXFileReference; lastKnownFileType = text.plist.entitlements; path = funny_face_filter.entitlements; sourceTree = "<group>"; };
		9A7726562CA4EB34005A58B7 /* Preview Assets.xcassets */ = {isa = PBXFileReference; lastKnownFileType = folder.assetcatalog; path = "Preview Assets.xcassets"; sourceTree = "<group>"; };
		9A77265C2CA4EB34005A58B7 /* funny-face-filterTests.xctest */ = {isa = PBXFileReference; explicitFileType = wrapper.cfbundle; includeInIndex = 0; path = "funny-face-filterTests.xctest"; sourceTree = BUILT_PRODUCTS_DIR; };
		9A7726602CA4EB34005A58B7 /* funny_face_filterTests.swift */ = {isa = PBXFileReference; lastKnownFileType = sourcecode.swift; path = funny_face_filterTests.swift; sourceTree = "<group>"; };
		9A7726662CA4EB34005A58B7 /* funny-face-filterUITests.xctest */ = {isa = PBXFileReference; explicitFileType = wrapper.cfbundle; includeInIndex = 0; path = "funny-face-filterUITests.xctest"; sourceTree = BUILT_PRODUCTS_DIR; };
		9A77266A2CA4EB34005A58B7 /* funny_face_filterUITests.swift */ = {isa = PBXFileReference; lastKnownFileType = sourcecode.swift; path = funny_face_filterUITests.swift; sourceTree = "<group>"; };
		9A77266C2CA4EB34005A58B7 /* funny_face_filterUITestsLaunchTests.swift */ = {isa = PBXFileReference; lastKnownFileType = sourcecode.swift; path = funny_face_filterUITestsLaunchTests.swift; sourceTree = "<group>"; };
		9A7726792CA58E63005A58B7 /* Info.plist */ = {isa = PBXFileReference; lastKnownFileType = text.plist; path = Info.plist; sourceTree = "<group>"; };
		9AF36A532CA5928C007F4EB8 /* AppMain.swift */ = {isa = PBXFileReference; lastKnownFileType = sourcecode.swift; path = AppMain.swift; sourceTree = "<group>"; };
		9AF36A552CA5932B007F4EB8 /* PhotoPickerViewModel.swift */ = {isa = PBXFileReference; lastKnownFileType = sourcecode.swift; path = PhotoPickerViewModel.swift; sourceTree = "<group>"; };
		9AF36A572CA594F4007F4EB8 /* ImageViewModel.swift */ = {isa = PBXFileReference; lastKnownFileType = sourcecode.swift; path = ImageViewModel.swift; sourceTree = "<group>"; };
/* End PBXFileReference section */

/* Begin PBXFrameworksBuildPhase section */
		9A7726482CA4EB2E005A58B7 /* Frameworks */ = {
			isa = PBXFrameworksBuildPhase;
			buildActionMask = 2147483647;
			files = (
			);
			runOnlyForDeploymentPostprocessing = 0;
		};
		9A7726592CA4EB34005A58B7 /* Frameworks */ = {
			isa = PBXFrameworksBuildPhase;
			buildActionMask = 2147483647;
			files = (
			);
			runOnlyForDeploymentPostprocessing = 0;
		};
		9A7726632CA4EB34005A58B7 /* Frameworks */ = {
			isa = PBXFrameworksBuildPhase;
			buildActionMask = 2147483647;
			files = (
			);
			runOnlyForDeploymentPostprocessing = 0;
		};
/* End PBXFrameworksBuildPhase section */

/* Begin PBXGroup section */
		9A7726422CA4EB2E005A58B7 = {
			isa = PBXGroup;
			children = (
				9A77264D2CA4EB2E005A58B7 /* funny-face-filter */,
				9A77265F2CA4EB34005A58B7 /* funny-face-filterTests */,
				9A7726692CA4EB34005A58B7 /* funny-face-filterUITests */,
				9A77264C2CA4EB2E005A58B7 /* Products */,
			);
			sourceTree = "<group>";
		};
		9A77264C2CA4EB2E005A58B7 /* Products */ = {
			isa = PBXGroup;
			children = (
				9A77264B2CA4EB2E005A58B7 /* funny-face-filter.app */,
				9A77265C2CA4EB34005A58B7 /* funny-face-filterTests.xctest */,
				9A7726662CA4EB34005A58B7 /* funny-face-filterUITests.xctest */,
			);
			name = Products;
			sourceTree = "<group>";
		};
		9A77264D2CA4EB2E005A58B7 /* funny-face-filter */ = {
			isa = PBXGroup;
			children = (
				9A7726792CA58E63005A58B7 /* Info.plist */,
				9AF36A532CA5928C007F4EB8 /* AppMain.swift */,
				9AF36A552CA5932B007F4EB8 /* PhotoPickerViewModel.swift */,
				9AF36A572CA594F4007F4EB8 /* ImageViewModel.swift */,
				9A7726502CA4EB2E005A58B7 /* ContentView.swift */,
				9A7726522CA4EB34005A58B7 /* Assets.xcassets */,
				9A7726542CA4EB34005A58B7 /* funny_face_filter.entitlements */,
				9A7726552CA4EB34005A58B7 /* Preview Content */,
			);
			path = "funny-face-filter";
			sourceTree = "<group>";
		};
		9A7726552CA4EB34005A58B7 /* Preview Content */ = {
			isa = PBXGroup;
			children = (
				9A7726562CA4EB34005A58B7 /* Preview Assets.xcassets */,
			);
			path = "Preview Content";
			sourceTree = "<group>";
		};
		9A77265F2CA4EB34005A58B7 /* funny-face-filterTests */ = {
			isa = PBXGroup;
			children = (
				9A7726602CA4EB34005A58B7 /* funny_face_filterTests.swift */,
			);
			path = "funny-face-filterTests";
			sourceTree = "<group>";
		};
		9A7726692CA4EB34005A58B7 /* funny-face-filterUITests */ = {
			isa = PBXGroup;
			children = (
				9A77266A2CA4EB34005A58B7 /* funny_face_filterUITests.swift */,
				9A77266C2CA4EB34005A58B7 /* funny_face_filterUITestsLaunchTests.swift */,
			);
			path = "funny-face-filterUITests";
			sourceTree = "<group>";
		};
/* End PBXGroup section */

/* Begin PBXNativeTarget section */
		9A77264A2CA4EB2E005A58B7 /* funny-face-filter */ = {
			isa = PBXNativeTarget;
			buildConfigurationList = 9A7726702CA4EB34005A58B7 /* Build configuration list for PBXNativeTarget "funny-face-filter" */;
			buildPhases = (
				9A7726472CA4EB2E005A58B7 /* Sources */,
				9A7726482CA4EB2E005A58B7 /* Frameworks */,
				9A7726492CA4EB2E005A58B7 /* Resources */,
			);
			buildRules = (
			);
			dependencies = (
			);
			name = "funny-face-filter";
			productName = "funny-face-filter";
			productReference = 9A77264B2CA4EB2E005A58B7 /* funny-face-filter.app */;
			productType = "com.apple.product-type.application";
		};
		9A77265B2CA4EB34005A58B7 /* funny-face-filterTests */ = {
			isa = PBXNativeTarget;
			buildConfigurationList = 9A7726732CA4EB34005A58B7 /* Build configuration list for PBXNativeTarget "funny-face-filterTests" */;
			buildPhases = (
				9A7726582CA4EB34005A58B7 /* Sources */,
				9A7726592CA4EB34005A58B7 /* Frameworks */,
				9A77265A2CA4EB34005A58B7 /* Resources */,
			);
			buildRules = (
			);
			dependencies = (
				9A77265E2CA4EB34005A58B7 /* PBXTargetDependency */,
			);
			name = "funny-face-filterTests";
			productName = "funny-face-filterTests";
			productReference = 9A77265C2CA4EB34005A58B7 /* funny-face-filterTests.xctest */;
			productType = "com.apple.product-type.bundle.unit-test";
		};
		9A7726652CA4EB34005A58B7 /* funny-face-filterUITests */ = {
			isa = PBXNativeTarget;
			buildConfigurationList = 9A7726762CA4EB34005A58B7 /* Build configuration list for PBXNativeTarget "funny-face-filterUITests" */;
			buildPhases = (
				9A7726622CA4EB34005A58B7 /* Sources */,
				9A7726632CA4EB34005A58B7 /* Frameworks */,
				9A7726642CA4EB34005A58B7 /* Resources */,
			);
			buildRules = (
			);
			dependencies = (
				9A7726682CA4EB34005A58B7 /* PBXTargetDependency */,
			);
			name = "funny-face-filterUITests";
			productName = "funny-face-filterUITests";
			productReference = 9A7726662CA4EB34005A58B7 /* funny-face-filterUITests.xctest */;
			productType = "com.apple.product-type.bundle.ui-testing";
		};
/* End PBXNativeTarget section */

/* Begin PBXProject section */
		9A7726432CA4EB2E005A58B7 /* Project object */ = {
			isa = PBXProject;
			attributes = {
				BuildIndependentTargetsInParallel = 1;
				LastSwiftUpdateCheck = 1540;
				LastUpgradeCheck = 1540;
				TargetAttributes = {
					9A77264A2CA4EB2E005A58B7 = {
						CreatedOnToolsVersion = 15.4;
					};
					9A77265B2CA4EB34005A58B7 = {
						CreatedOnToolsVersion = 15.4;
						TestTargetID = 9A77264A2CA4EB2E005A58B7;
					};
					9A7726652CA4EB34005A58B7 = {
						CreatedOnToolsVersion = 15.4;
						TestTargetID = 9A77264A2CA4EB2E005A58B7;
					};
				};
			};
			buildConfigurationList = 9A7726462CA4EB2E005A58B7 /* Build configuration list for PBXProject "funny-face-filter" */;
			compatibilityVersion = "Xcode 14.0";
			developmentRegion = en;
			hasScannedForEncodings = 0;
			knownRegions = (
				en,
				Base,
			);
			mainGroup = 9A7726422CA4EB2E005A58B7;
			productRefGroup = 9A77264C2CA4EB2E005A58B7 /* Products */;
			projectDirPath = "";
			projectRoot = "";
			targets = (
				9A77264A2CA4EB2E005A58B7 /* funny-face-filter */,
				9A77265B2CA4EB34005A58B7 /* funny-face-filterTests */,
				9A7726652CA4EB34005A58B7 /* funny-face-filterUITests */,
			);
		};
/* End PBXProject section */

/* Begin PBXResourcesBuildPhase section */
		9A7726492CA4EB2E005A58B7 /* Resources */ = {
			isa = PBXResourcesBuildPhase;
			buildActionMask = 2147483647;
			files = (
				9A7726572CA4EB34005A58B7 /* Preview Assets.xcassets in Resources */,
				9A7726532CA4EB34005A58B7 /* Assets.xcassets in Resources */,
			);
			runOnlyForDeploymentPostprocessing = 0;
		};
		9A77265A2CA4EB34005A58B7 /* Resources */ = {
			isa = PBXResourcesBuildPhase;
			buildActionMask = 2147483647;
			files = (
			);
			runOnlyForDeploymentPostprocessing = 0;
		};
		9A7726642CA4EB34005A58B7 /* Resources */ = {
			isa = PBXResourcesBuildPhase;
			buildActionMask = 2147483647;
			files = (
			);
			runOnlyForDeploymentPostprocessing = 0;
		};
/* End PBXResourcesBuildPhase section */

/* Begin PBXSourcesBuildPhase section */
		9A7726472CA4EB2E005A58B7 /* Sources */ = {
			isa = PBXSourcesBuildPhase;
			buildActionMask = 2147483647;
			files = (
				9A7726512CA4EB2E005A58B7 /* ContentView.swift in Sources */,
				9AF36A542CA5928C007F4EB8 /* AppMain.swift in Sources */,
				9AF36A582CA594F4007F4EB8 /* ImageViewModel.swift in Sources */,
				9AF36A562CA5932B007F4EB8 /* PhotoPickerViewModel.swift in Sources */,
			);
			runOnlyForDeploymentPostprocessing = 0;
		};
		9A7726582CA4EB34005A58B7 /* Sources */ = {
			isa = PBXSourcesBuildPhase;
			buildActionMask = 2147483647;
			files = (
				9A7726612CA4EB34005A58B7 /* funny_face_filterTests.swift in Sources */,
			);
			runOnlyForDeploymentPostprocessing = 0;
		};
		9A7726622CA4EB34005A58B7 /* Sources */ = {
			isa = PBXSourcesBuildPhase;
			buildActionMask = 2147483647;
			files = (
				9A77266D2CA4EB34005A58B7 /* funny_face_filterUITestsLaunchTests.swift in Sources */,
				9A77266B2CA4EB34005A58B7 /* funny_face_filterUITests.swift in Sources */,
			);
			runOnlyForDeploymentPostprocessing = 0;
		};
/* End PBXSourcesBuildPhase section */

/* Begin PBXTargetDependency section */
		9A77265E2CA4EB34005A58B7 /* PBXTargetDependency */ = {
			isa = PBXTargetDependency;
			target = 9A77264A2CA4EB2E005A58B7 /* funny-face-filter */;
			targetProxy = 9A77265D2CA4EB34005A58B7 /* PBXContainerItemProxy */;
		};
		9A7726682CA4EB34005A58B7 /* PBXTargetDependency */ = {
			isa = PBXTargetDependency;
			target = 9A77264A2CA4EB2E005A58B7 /* funny-face-filter */;
			targetProxy = 9A7726672CA4EB34005A58B7 /* PBXContainerItemProxy */;
		};
/* End PBXTargetDependency section */

/* Begin XCBuildConfiguration section */
		9A77266E2CA4EB34005A58B7 /* Debug */ = {
			isa = XCBuildConfiguration;
			buildSettings = {
				ALWAYS_SEARCH_USER_PATHS = NO;
				ASSETCATALOG_COMPILER_GENERATE_SWIFT_ASSET_SYMBOL_EXTENSIONS = YES;
				CLANG_ANALYZER_NONNULL = YES;
				CLANG_ANALYZER_NUMBER_OBJECT_CONVERSION = YES_AGGRESSIVE;
				CLANG_CXX_LANGUAGE_STANDARD = "gnu++20";
				CLANG_ENABLE_MODULES = YES;
				CLANG_ENABLE_OBJC_ARC = YES;
				CLANG_ENABLE_OBJC_WEAK = YES;
				CLANG_WARN_BLOCK_CAPTURE_AUTORELEASING = YES;
				CLANG_WARN_BOOL_CONVERSION = YES;
				CLANG_WARN_COMMA = YES;
				CLANG_WARN_CONSTANT_CONVERSION = YES;
				CLANG_WARN_DEPRECATED_OBJC_IMPLEMENTATIONS = YES;
				CLANG_WARN_DIRECT_OBJC_ISA_USAGE = YES_ERROR;
				CLANG_WARN_DOCUMENTATION_COMMENTS = YES;
				CLANG_WARN_EMPTY_BODY = YES;
				CLANG_WARN_ENUM_CONVERSION = YES;
				CLANG_WARN_INFINITE_RECURSION = YES;
				CLANG_WARN_INT_CONVERSION = YES;
				CLANG_WARN_NON_LITERAL_NULL_CONVERSION = YES;
				CLANG_WARN_OBJC_IMPLICIT_RETAIN_SELF = YES;
				CLANG_WARN_OBJC_LITERAL_CONVERSION = YES;
				CLANG_WARN_OBJC_ROOT_CLASS = YES_ERROR;
				CLANG_WARN_QUOTED_INCLUDE_IN_FRAMEWORK_HEADER = YES;
				CLANG_WARN_RANGE_LOOP_ANALYSIS = YES;
				CLANG_WARN_STRICT_PROTOTYPES = YES;
				CLANG_WARN_SUSPICIOUS_MOVE = YES;
				CLANG_WARN_UNGUARDED_AVAILABILITY = YES_AGGRESSIVE;
				CLANG_WARN_UNREACHABLE_CODE = YES;
				CLANG_WARN__DUPLICATE_METHOD_MATCH = YES;
				COPY_PHASE_STRIP = NO;
				DEBUG_INFORMATION_FORMAT = dwarf;
				ENABLE_STRICT_OBJC_MSGSEND = YES;
				ENABLE_TESTABILITY = YES;
				ENABLE_USER_SCRIPT_SANDBOXING = YES;
				GCC_C_LANGUAGE_STANDARD = gnu17;
				GCC_DYNAMIC_NO_PIC = NO;
				GCC_NO_COMMON_BLOCKS = YES;
				GCC_OPTIMIZATION_LEVEL = 0;
				GCC_PREPROCESSOR_DEFINITIONS = (
					"DEBUG=1",
					"$(inherited)",
				);
				GCC_WARN_64_TO_32_BIT_CONVERSION = YES;
				GCC_WARN_ABOUT_RETURN_TYPE = YES_ERROR;
				GCC_WARN_UNDECLARED_SELECTOR = YES;
				GCC_WARN_UNINITIALIZED_AUTOS = YES_AGGRESSIVE;
				GCC_WARN_UNUSED_FUNCTION = YES;
				GCC_WARN_UNUSED_VARIABLE = YES;
				LOCALIZATION_PREFERS_STRING_CATALOGS = YES;
				MTL_ENABLE_DEBUG_INFO = INCLUDE_SOURCE;
				MTL_FAST_MATH = YES;
				ONLY_ACTIVE_ARCH = YES;
				SWIFT_ACTIVE_COMPILATION_CONDITIONS = "DEBUG $(inherited)";
				SWIFT_OPTIMIZATION_LEVEL = "-Onone";
			};
			name = Debug;
		};
		9A77266F2CA4EB34005A58B7 /* Release */ = {
			isa = XCBuildConfiguration;
			buildSettings = {
				ALWAYS_SEARCH_USER_PATHS = NO;
				ASSETCATALOG_COMPILER_GENERATE_SWIFT_ASSET_SYMBOL_EXTENSIONS = YES;
				CLANG_ANALYZER_NONNULL = YES;
				CLANG_ANALYZER_NUMBER_OBJECT_CONVERSION = YES_AGGRESSIVE;
				CLANG_CXX_LANGUAGE_STANDARD = "gnu++20";
				CLANG_ENABLE_MODULES = YES;
				CLANG_ENABLE_OBJC_ARC = YES;
				CLANG_ENABLE_OBJC_WEAK = YES;
				CLANG_WARN_BLOCK_CAPTURE_AUTORELEASING = YES;
				CLANG_WARN_BOOL_CONVERSION = YES;
				CLANG_WARN_COMMA = YES;
				CLANG_WARN_CONSTANT_CONVERSION = YES;
				CLANG_WARN_DEPRECATED_OBJC_IMPLEMENTATIONS = YES;
				CLANG_WARN_DIRECT_OBJC_ISA_USAGE = YES_ERROR;
				CLANG_WARN_DOCUMENTATION_COMMENTS = YES;
				CLANG_WARN_EMPTY_BODY = YES;
				CLANG_WARN_ENUM_CONVERSION = YES;
				CLANG_WARN_INFINITE_RECURSION = YES;
				CLANG_WARN_INT_CONVERSION = YES;
				CLANG_WARN_NON_LITERAL_NULL_CONVERSION = YES;
				CLANG_WARN_OBJC_IMPLICIT_RETAIN_SELF = YES;
				CLANG_WARN_OBJC_LITERAL_CONVERSION = YES;
				CLANG_WARN_OBJC_ROOT_CLASS = YES_ERROR;
				CLANG_WARN_QUOTED_INCLUDE_IN_FRAMEWORK_HEADER = YES;
				CLANG_WARN_RANGE_LOOP_ANALYSIS = YES;
				CLANG_WARN_STRICT_PROTOTYPES = YES;
				CLANG_WARN_SUSPICIOUS_MOVE = YES;
				CLANG_WARN_UNGUARDED_AVAILABILITY = YES_AGGRESSIVE;
				CLANG_WARN_UNREACHABLE_CODE = YES;
				CLANG_WARN__DUPLICATE_METHOD_MATCH = YES;
				COPY_PHASE_STRIP = NO;
				DEBUG_INFORMATION_FORMAT = "dwarf-with-dsym";
				ENABLE_NS_ASSERTIONS = NO;
				ENABLE_STRICT_OBJC_MSGSEND = YES;
				ENABLE_USER_SCRIPT_SANDBOXING = YES;
				GCC_C_LANGUAGE_STANDARD = gnu17;
				GCC_NO_COMMON_BLOCKS = YES;
				GCC_WARN_64_TO_32_BIT_CONVERSION = YES;
				GCC_WARN_ABOUT_RETURN_TYPE = YES_ERROR;
				GCC_WARN_UNDECLARED_SELECTOR = YES;
				GCC_WARN_UNINITIALIZED_AUTOS = YES_AGGRESSIVE;
				GCC_WARN_UNUSED_FUNCTION = YES;
				GCC_WARN_UNUSED_VARIABLE = YES;
				LOCALIZATION_PREFERS_STRING_CATALOGS = YES;
				MTL_ENABLE_DEBUG_INFO = NO;
				MTL_FAST_MATH = YES;
				SWIFT_COMPILATION_MODE = wholemodule;
			};
			name = Release;
		};
		9A7726712CA4EB34005A58B7 /* Debug */ = {
			isa = XCBuildConfiguration;
			buildSettings = {
				ASSETCATALOG_COMPILER_APPICON_NAME = AppIcon;
				ASSETCATALOG_COMPILER_GLOBAL_ACCENT_COLOR_NAME = AccentColor;
				CODE_SIGN_ENTITLEMENTS = "funny-face-filter/funny_face_filter.entitlements";
				CODE_SIGN_STYLE = Automatic;
				CURRENT_PROJECT_VERSION = 1;
				DEVELOPMENT_ASSET_PATHS = "\"funny-face-filter/Preview Content\"";
				DEVELOPMENT_TEAM = XR98Z4S9PP;
				ENABLE_PREVIEWS = YES;
				GENERATE_INFOPLIST_FILE = YES;
				INFOPLIST_FILE = "funny-face-filter/Info.plist";
				"INFOPLIST_KEY_UIApplicationSceneManifest_Generation[sdk=iphoneos*]" = YES;
				"INFOPLIST_KEY_UIApplicationSceneManifest_Generation[sdk=iphonesimulator*]" = YES;
				"INFOPLIST_KEY_UIApplicationSupportsIndirectInputEvents[sdk=iphoneos*]" = YES;
				"INFOPLIST_KEY_UIApplicationSupportsIndirectInputEvents[sdk=iphonesimulator*]" = YES;
				"INFOPLIST_KEY_UILaunchScreen_Generation[sdk=iphoneos*]" = YES;
				"INFOPLIST_KEY_UILaunchScreen_Generation[sdk=iphonesimulator*]" = YES;
				"INFOPLIST_KEY_UIStatusBarStyle[sdk=iphoneos*]" = UIStatusBarStyleDefault;
				"INFOPLIST_KEY_UIStatusBarStyle[sdk=iphonesimulator*]" = UIStatusBarStyleDefault;
				INFOPLIST_KEY_UISupportedInterfaceOrientations_iPad = "UIInterfaceOrientationPortrait UIInterfaceOrientationPortraitUpsideDown UIInterfaceOrientationLandscapeLeft UIInterfaceOrientationLandscapeRight";
				INFOPLIST_KEY_UISupportedInterfaceOrientations_iPhone = "UIInterfaceOrientationPortrait UIInterfaceOrientationLandscapeLeft UIInterfaceOrientationLandscapeRight";
				IPHONEOS_DEPLOYMENT_TARGET = 17.5;
				LD_RUNPATH_SEARCH_PATHS = "@executable_path/Frameworks";
				"LD_RUNPATH_SEARCH_PATHS[sdk=macosx*]" = "@executable_path/../Frameworks";
				MACOSX_DEPLOYMENT_TARGET = 14.5;
				MARKETING_VERSION = 1.0;
				PRODUCT_BUNDLE_IDENTIFIER = "com..funny-face-filter";
				PRODUCT_NAME = "$(TARGET_NAME)";
				SDKROOT = auto;
				SUPPORTED_PLATFORMS = "iphoneos iphonesimulator macosx";
				SWIFT_EMIT_LOC_STRINGS = YES;
				SWIFT_VERSION = 5.0;
				TARGETED_DEVICE_FAMILY = "1,2";
			};
			name = Debug;
		};
		9A7726722CA4EB34005A58B7 /* Release */ = {
			isa = XCBuildConfiguration;
			buildSettings = {
				ASSETCATALOG_COMPILER_APPICON_NAME = AppIcon;
				ASSETCATALOG_COMPILER_GLOBAL_ACCENT_COLOR_NAME = AccentColor;
				CODE_SIGN_ENTITLEMENTS = "funny-face-filter/funny_face_filter.entitlements";
				CODE_SIGN_STYLE = Automatic;
				CURRENT_PROJECT_VERSION = 1;
				DEVELOPMENT_ASSET_PATHS = "\"funny-face-filter/Preview Content\"";
				DEVELOPMENT_TEAM = XR98Z4S9PP;
				ENABLE_PREVIEWS = YES;
				GENERATE_INFOPLIST_FILE = YES;
				INFOPLIST_FILE = "funny-face-filter/Info.plist";
				"INFOPLIST_KEY_UIApplicationSceneManifest_Generation[sdk=iphoneos*]" = YES;
				"INFOPLIST_KEY_UIApplicationSceneManifest_Generation[sdk=iphonesimulator*]" = YES;
				"INFOPLIST_KEY_UIApplicationSupportsIndirectInputEvents[sdk=iphoneos*]" = YES;
				"INFOPLIST_KEY_UIApplicationSupportsIndirectInputEvents[sdk=iphonesimulator*]" = YES;
				"INFOPLIST_KEY_UILaunchScreen_Generation[sdk=iphoneos*]" = YES;
				"INFOPLIST_KEY_UILaunchScreen_Generation[sdk=iphonesimulator*]" = YES;
				"INFOPLIST_KEY_UIStatusBarStyle[sdk=iphoneos*]" = UIStatusBarStyleDefault;
				"INFOPLIST_KEY_UIStatusBarStyle[sdk=iphonesimulator*]" = UIStatusBarStyleDefault;
				INFOPLIST_KEY_UISupportedInterfaceOrientations_iPad = "UIInterfaceOrientationPortrait UIInterfaceOrientationPortraitUpsideDown UIInterfaceOrientationLandscapeLeft UIInterfaceOrientationLandscapeRight";
				INFOPLIST_KEY_UISupportedInterfaceOrientations_iPhone = "UIInterfaceOrientationPortrait UIInterfaceOrientationLandscapeLeft UIInterfaceOrientationLandscapeRight";
				IPHONEOS_DEPLOYMENT_TARGET = 17.5;
				LD_RUNPATH_SEARCH_PATHS = "@executable_path/Frameworks";
				"LD_RUNPATH_SEARCH_PATHS[sdk=macosx*]" = "@executable_path/../Frameworks";
				MACOSX_DEPLOYMENT_TARGET = 14.5;
				MARKETING_VERSION = 1.0;
				PRODUCT_BUNDLE_IDENTIFIER = "com..funny-face-filter";
				PRODUCT_NAME = "$(TARGET_NAME)";
				SDKROOT = auto;
				SUPPORTED_PLATFORMS = "iphoneos iphonesimulator macosx";
				SWIFT_EMIT_LOC_STRINGS = YES;
				SWIFT_VERSION = 5.0;
				TARGETED_DEVICE_FAMILY = "1,2";
			};
			name = Release;
		};
		9A7726742CA4EB34005A58B7 /* Debug */ = {
			isa = XCBuildConfiguration;
			buildSettings = {
				ALWAYS_EMBED_SWIFT_STANDARD_LIBRARIES = YES;
				BUNDLE_LOADER = "$(TEST_HOST)";
				CODE_SIGN_STYLE = Automatic;
				CURRENT_PROJECT_VERSION = 1;
				GENERATE_INFOPLIST_FILE = YES;
				IPHONEOS_DEPLOYMENT_TARGET = 17.5;
				MACOSX_DEPLOYMENT_TARGET = 14.5;
				MARKETING_VERSION = 1.0;
				PRODUCT_BUNDLE_IDENTIFIER = "com..funny-face-filterTests";
				PRODUCT_NAME = "$(TARGET_NAME)";
				SDKROOT = auto;
				SUPPORTED_PLATFORMS = "iphoneos iphonesimulator macosx";
				SWIFT_EMIT_LOC_STRINGS = NO;
				SWIFT_VERSION = 5.0;
				TARGETED_DEVICE_FAMILY = "1,2";
				TEST_HOST = "$(BUILT_PRODUCTS_DIR)/funny-face-filter.app/$(BUNDLE_EXECUTABLE_FOLDER_PATH)/funny-face-filter";
			};
			name = Debug;
		};
		9A7726752CA4EB34005A58B7 /* Release */ = {
			isa = XCBuildConfiguration;
			buildSettings = {
				ALWAYS_EMBED_SWIFT_STANDARD_LIBRARIES = YES;
				BUNDLE_LOADER = "$(TEST_HOST)";
				CODE_SIGN_STYLE = Automatic;
				CURRENT_PROJECT_VERSION = 1;
				GENERATE_INFOPLIST_FILE = YES;
				IPHONEOS_DEPLOYMENT_TARGET = 17.5;
				MACOSX_DEPLOYMENT_TARGET = 14.5;
				MARKETING_VERSION = 1.0;
				PRODUCT_BUNDLE_IDENTIFIER = "com..funny-face-filterTests";
				PRODUCT_NAME = "$(TARGET_NAME)";
				SDKROOT = auto;
				SUPPORTED_PLATFORMS = "iphoneos iphonesimulator macosx";
				SWIFT_EMIT_LOC_STRINGS = NO;
				SWIFT_VERSION = 5.0;
				TARGETED_DEVICE_FAMILY = "1,2";
				TEST_HOST = "$(BUILT_PRODUCTS_DIR)/funny-face-filter.app/$(BUNDLE_EXECUTABLE_FOLDER_PATH)/funny-face-filter";
			};
			name = Release;
		};
		9A7726772CA4EB34005A58B7 /* Debug */ = {
			isa = XCBuildConfiguration;
			buildSettings = {
				ALWAYS_EMBED_SWIFT_STANDARD_LIBRARIES = YES;
				CODE_SIGN_STYLE = Automatic;
				CURRENT_PROJECT_VERSION = 1;
				GENERATE_INFOPLIST_FILE = YES;
				IPHONEOS_DEPLOYMENT_TARGET = 17.5;
				MACOSX_DEPLOYMENT_TARGET = 14.5;
				MARKETING_VERSION = 1.0;
				PRODUCT_BUNDLE_IDENTIFIER = "com..funny-face-filterUITests";
				PRODUCT_NAME = "$(TARGET_NAME)";
				SDKROOT = auto;
				SUPPORTED_PLATFORMS = "iphoneos iphonesimulator macosx";
				SWIFT_EMIT_LOC_STRINGS = NO;
				SWIFT_VERSION = 5.0;
				TARGETED_DEVICE_FAMILY = "1,2";
				TEST_TARGET_NAME = "funny-face-filter";
			};
			name = Debug;
		};
		9A7726782CA4EB34005A58B7 /* Release */ = {
			isa = XCBuildConfiguration;
			buildSettings = {
				ALWAYS_EMBED_SWIFT_STANDARD_LIBRARIES = YES;
				CODE_SIGN_STYLE = Automatic;
				CURRENT_PROJECT_VERSION = 1;
				GENERATE_INFOPLIST_FILE = YES;
				IPHONEOS_DEPLOYMENT_TARGET = 17.5;
				MACOSX_DEPLOYMENT_TARGET = 14.5;
				MARKETING_VERSION = 1.0;
				PRODUCT_BUNDLE_IDENTIFIER = "com..funny-face-filterUITests";
				PRODUCT_NAME = "$(TARGET_NAME)";
				SDKROOT = auto;
				SUPPORTED_PLATFORMS = "iphoneos iphonesimulator macosx";
				SWIFT_EMIT_LOC_STRINGS = NO;
				SWIFT_VERSION = 5.0;
				TARGETED_DEVICE_FAMILY = "1,2";
				TEST_TARGET_NAME = "funny-face-filter";
			};
			name = Release;
		};
/* End XCBuildConfiguration section */

/* Begin XCConfigurationList section */
		9A7726462CA4EB2E005A58B7 /* Build configuration list for PBXProject "funny-face-filter" */ = {
			isa = XCConfigurationList;
			buildConfigurations = (
				9A77266E2CA4EB34005A58B7 /* Debug */,
				9A77266F2CA4EB34005A58B7 /* Release */,
			);
			defaultConfigurationIsVisible = 0;
			defaultConfigurationName = Release;
		};
		9A7726702CA4EB34005A58B7 /* Build configuration list for PBXNativeTarget "funny-face-filter" */ = {
			isa = XCConfigurationList;
			buildConfigurations = (
				9A7726712CA4EB34005A58B7 /* Debug */,
				9A7726722CA4EB34005A58B7 /* Release */,
			);
			defaultConfigurationIsVisible = 0;
			defaultConfigurationName = Release;
		};
		9A7726732CA4EB34005A58B7 /* Build configuration list for PBXNativeTarget "funny-face-filterTests" */ = {
			isa = XCConfigurationList;
			buildConfigurations = (
				9A7726742CA4EB34005A58B7 /* Debug */,
				9A7726752CA4EB34005A58B7 /* Release */,
			);
			defaultConfigurationIsVisible = 0;
			defaultConfigurationName = Release;
		};
		9A7726762CA4EB34005A58B7 /* Build configuration list for PBXNativeTarget "funny-face-filterUITests" */ = {
			isa = XCConfigurationList;
			buildConfigurations = (
				9A7726772CA4EB34005A58B7 /* Debug */,
				9A7726782CA4EB34005A58B7 /* Release */,
			);
			defaultConfigurationIsVisible = 0;
			defaultConfigurationName = Release;
		};
/* End XCConfigurationList section */
	};
	rootObject = 9A7726432CA4EB2E005A58B7 /* Project object */;
}
